// !$*UTF8*$!
{
	archiveVersion = 1;
	classes = {
	};
	objectVersion = 48;
	objects = {

/* Begin PBXBuildFile section */
		5A6179382123411300831A74 /* Alerta.swift in Sources */ = {isa = PBXBuildFile; fileRef = 5A6179372123411300831A74 /* Alerta.swift */; };
		5A61793B2123440E00831A74 /* Carro.swift in Sources */ = {isa = PBXBuildFile; fileRef = 5A61793A2123440E00831A74 /* Carro.swift */; };
		5A61793E2123447C00831A74 /* CarroService.swift in Sources */ = {isa = PBXBuildFile; fileRef = 5A61793D2123447C00831A74 /* CarroService.swift */; };
		5A61794021234A7E00831A74 /* CarroCell.swift in Sources */ = {isa = PBXBuildFile; fileRef = 5A61793F21234A7E00831A74 /* CarroCell.swift */; };
		5A61794221234AF600831A74 /* CarroCell.xib in Resources */ = {isa = PBXBuildFile; fileRef = 5A61794121234AF600831A74 /* CarroCell.xib */; };
		5A87B0BD21273EA100E9E5A2 /* MyNavigationController.swift in Sources */ = {isa = PBXBuildFile; fileRef = 5A87B0BC21273EA100E9E5A2 /* MyNavigationController.swift */; };
		5A87B0BF21273F2100E9E5A2 /* MyTabBarController.swift in Sources */ = {isa = PBXBuildFile; fileRef = 5A87B0BE21273F2100E9E5A2 /* MyTabBarController.swift */; };
		5A87B0D0212741FE00E9E5A2 /* XMLCarroParser.swift in Sources */ = {isa = PBXBuildFile; fileRef = 5A87B0CF212741FE00E9E5A2 /* XMLCarroParser.swift */; };
		5AC410F82121EBB8001C4895 /* AppDelegate.swift in Sources */ = {isa = PBXBuildFile; fileRef = 5AC410F72121EBB8001C4895 /* AppDelegate.swift */; };
		5AC411022121EBB8001C4895 /* LaunchScreen.storyboard in Resources */ = {isa = PBXBuildFile; fileRef = 5AC411002121EBB8001C4895 /* LaunchScreen.storyboard */; };
		5AC4110D2121EBB8001C4895 /* TesteSwiftTests.swift in Sources */ = {isa = PBXBuildFile; fileRef = 5AC4110C2121EBB8001C4895 /* TesteSwiftTests.swift */; };
		5AC411182121EBB8001C4895 /* TesteSwiftUITests.swift in Sources */ = {isa = PBXBuildFile; fileRef = 5AC411172121EBB8001C4895 /* TesteSwiftUITests.swift */; };
		5AC4113B2121EF79001C4895 /* ferrari_ff.png in Resources */ = {isa = PBXBuildFile; fileRef = 5AC4112C2121EF79001C4895 /* ferrari_ff.png */; };
		5AC4113C2121EF79001C4895 /* Images.xcassets in Resources */ = {isa = PBXBuildFile; fileRef = 5AC4112D2121EF79001C4895 /* Images.xcassets */; };
		5AC4113D2121EF79001C4895 /* mclaren.png in Resources */ = {isa = PBXBuildFile; fileRef = 5AC4112E2121EF79001C4895 /* mclaren.png */; };
		5AC4113E2121EF79001C4895 /* tab_carros.png in Resources */ = {isa = PBXBuildFile; fileRef = 5AC4112F2121EF79001C4895 /* tab_carros.png */; };
		5AC4113F2121EF79001C4895 /* tab_carros@2x.png in Resources */ = {isa = PBXBuildFile; fileRef = 5AC411302121EF79001C4895 /* tab_carros@2x.png */; };
		5AC411402121EF79001C4895 /* tab_sobre.png in Resources */ = {isa = PBXBuildFile; fileRef = 5AC411312121EF79001C4895 /* tab_sobre.png */; };
		5AC411412121EF79001C4895 /* tab_sobre@2x.png in Resources */ = {isa = PBXBuildFile; fileRef = 5AC411322121EF79001C4895 /* tab_sobre@2x.png */; };
		5AC411422121EF79001C4895 /* carros_classicos.json in Resources */ = {isa = PBXBuildFile; fileRef = 5AC411342121EF79001C4895 /* carros_classicos.json */; };
		5AC411432121EF79001C4895 /* carros_esportivos.json in Resources */ = {isa = PBXBuildFile; fileRef = 5AC411352121EF79001C4895 /* carros_esportivos.json */; };
		5AC411442121EF79001C4895 /* carros_luxo.json in Resources */ = {isa = PBXBuildFile; fileRef = 5AC411362121EF79001C4895 /* carros_luxo.json */; };
		5AC411452121EF79001C4895 /* carros_classicos.xml in Resources */ = {isa = PBXBuildFile; fileRef = 5AC411382121EF79001C4895 /* carros_classicos.xml */; };
		5AC411462121EF79001C4895 /* carros_esportivos.xml in Resources */ = {isa = PBXBuildFile; fileRef = 5AC411392121EF79001C4895 /* carros_esportivos.xml */; };
		5AC411472121EF79001C4895 /* carros_luxo.xml in Resources */ = {isa = PBXBuildFile; fileRef = 5AC4113A2121EF79001C4895 /* carros_luxo.xml */; };
		5AC4114A2121F289001C4895 /* ListaCarrosViewController.swift in Sources */ = {isa = PBXBuildFile; fileRef = 5AC411482121F289001C4895 /* ListaCarrosViewController.swift */; };
		5AC4114B2121F289001C4895 /* ListaCarrosViewController.xib in Resources */ = {isa = PBXBuildFile; fileRef = 5AC411492121F289001C4895 /* ListaCarrosViewController.xib */; };
		5AC4114E2121F2C3001C4895 /* DetalhesCarroViewController.swift in Sources */ = {isa = PBXBuildFile; fileRef = 5AC4114C2121F2C3001C4895 /* DetalhesCarroViewController.swift */; };
		5AC4114F2121F2C3001C4895 /* DetalhesCarroViewController.xib in Resources */ = {isa = PBXBuildFile; fileRef = 5AC4114D2121F2C3001C4895 /* DetalhesCarroViewController.xib */; };
		5AC411522121F2D7001C4895 /* SobreViewController.swift in Sources */ = {isa = PBXBuildFile; fileRef = 5AC411502121F2D7001C4895 /* SobreViewController.swift */; };
		5AC411532121F2D7001C4895 /* SobreViewController.xib in Resources */ = {isa = PBXBuildFile; fileRef = 5AC411512121F2D7001C4895 /* SobreViewController.xib */; };
/* End PBXBuildFile section */

/* Begin PBXContainerItemProxy section */
		5AC411092121EBB8001C4895 /* PBXContainerItemProxy */ = {
			isa = PBXContainerItemProxy;
			containerPortal = 5AC410EC2121EBB7001C4895 /* Project object */;
			proxyType = 1;
			remoteGlobalIDString = 5AC410F32121EBB8001C4895;
			remoteInfo = TesteSwift;
		};
		5AC411142121EBB8001C4895 /* PBXContainerItemProxy */ = {
			isa = PBXContainerItemProxy;
			containerPortal = 5AC410EC2121EBB7001C4895 /* Project object */;
			proxyType = 1;
			remoteGlobalIDString = 5AC410F32121EBB8001C4895;
			remoteInfo = TesteSwift;
		};
/* End PBXContainerItemProxy section */

/* Begin PBXFileReference section */
		5A6179372123411300831A74 /* Alerta.swift */ = {isa = PBXFileReference; lastKnownFileType = sourcecode.swift; path = Alerta.swift; sourceTree = "<group>"; };
		5A61793A2123440E00831A74 /* Carro.swift */ = {isa = PBXFileReference; lastKnownFileType = sourcecode.swift; path = Carro.swift; sourceTree = "<group>"; };
		5A61793D2123447C00831A74 /* CarroService.swift */ = {isa = PBXFileReference; lastKnownFileType = sourcecode.swift; path = CarroService.swift; sourceTree = "<group>"; };
		5A61793F21234A7E00831A74 /* CarroCell.swift */ = {isa = PBXFileReference; lastKnownFileType = sourcecode.swift; path = CarroCell.swift; sourceTree = "<group>"; };
		5A61794121234AF600831A74 /* CarroCell.xib */ = {isa = PBXFileReference; lastKnownFileType = file.xib; path = CarroCell.xib; sourceTree = "<group>"; };
		5A87B0BC21273EA100E9E5A2 /* MyNavigationController.swift */ = {isa = PBXFileReference; lastKnownFileType = sourcecode.swift; path = MyNavigationController.swift; sourceTree = "<group>"; };
		5A87B0BE21273F2100E9E5A2 /* MyTabBarController.swift */ = {isa = PBXFileReference; lastKnownFileType = sourcecode.swift; path = MyTabBarController.swift; sourceTree = "<group>"; };
		5A87B0CF212741FE00E9E5A2 /* XMLCarroParser.swift */ = {isa = PBXFileReference; lastKnownFileType = sourcecode.swift; path = XMLCarroParser.swift; sourceTree = "<group>"; };
		5AC410F42121EBB8001C4895 /* TesteSwift.app */ = {isa = PBXFileReference; explicitFileType = wrapper.application; includeInIndex = 0; path = TesteSwift.app; sourceTree = BUILT_PRODUCTS_DIR; };
		5AC410F72121EBB8001C4895 /* AppDelegate.swift */ = {isa = PBXFileReference; lastKnownFileType = sourcecode.swift; path = AppDelegate.swift; sourceTree = "<group>"; };
		5AC411012121EBB8001C4895 /* Base */ = {isa = PBXFileReference; lastKnownFileType = file.storyboard; name = Base; path = Base.lproj/LaunchScreen.storyboard; sourceTree = "<group>"; };
		5AC411032121EBB8001C4895 /* Info.plist */ = {isa = PBXFileReference; lastKnownFileType = text.plist.xml; path = Info.plist; sourceTree = "<group>"; };
		5AC411082121EBB8001C4895 /* TesteSwiftTests.xctest */ = {isa = PBXFileReference; explicitFileType = wrapper.cfbundle; includeInIndex = 0; path = TesteSwiftTests.xctest; sourceTree = BUILT_PRODUCTS_DIR; };
		5AC4110C2121EBB8001C4895 /* TesteSwiftTests.swift */ = {isa = PBXFileReference; lastKnownFileType = sourcecode.swift; path = TesteSwiftTests.swift; sourceTree = "<group>"; };
		5AC4110E2121EBB8001C4895 /* Info.plist */ = {isa = PBXFileReference; lastKnownFileType = text.plist.xml; path = Info.plist; sourceTree = "<group>"; };
		5AC411132121EBB8001C4895 /* TesteSwiftUITests.xctest */ = {isa = PBXFileReference; explicitFileType = wrapper.cfbundle; includeInIndex = 0; path = TesteSwiftUITests.xctest; sourceTree = BUILT_PRODUCTS_DIR; };
		5AC411172121EBB8001C4895 /* TesteSwiftUITests.swift */ = {isa = PBXFileReference; lastKnownFileType = sourcecode.swift; path = TesteSwiftUITests.swift; sourceTree = "<group>"; };
		5AC411192121EBB8001C4895 /* Info.plist */ = {isa = PBXFileReference; lastKnownFileType = text.plist.xml; path = Info.plist; sourceTree = "<group>"; };
		5AC4112C2121EF79001C4895 /* ferrari_ff.png */ = {isa = PBXFileReference; lastKnownFileType = image.png; path = ferrari_ff.png; sourceTree = "<group>"; };
		5AC4112D2121EF79001C4895 /* Images.xcassets */ = {isa = PBXFileReference; lastKnownFileType = folder.assetcatalog; path = Images.xcassets; sourceTree = "<group>"; };
		5AC4112E2121EF79001C4895 /* mclaren.png */ = {isa = PBXFileReference; lastKnownFileType = image.png; path = mclaren.png; sourceTree = "<group>"; };
		5AC4112F2121EF79001C4895 /* tab_carros.png */ = {isa = PBXFileReference; lastKnownFileType = image.png; path = tab_carros.png; sourceTree = "<group>"; };
		5AC411302121EF79001C4895 /* tab_carros@2x.png */ = {isa = PBXFileReference; lastKnownFileType = image.png; path = "tab_carros@2x.png"; sourceTree = "<group>"; };
		5AC411312121EF79001C4895 /* tab_sobre.png */ = {isa = PBXFileReference; lastKnownFileType = image.png; path = tab_sobre.png; sourceTree = "<group>"; };
		5AC411322121EF79001C4895 /* tab_sobre@2x.png */ = {isa = PBXFileReference; lastKnownFileType = image.png; path = "tab_sobre@2x.png"; sourceTree = "<group>"; };
		5AC411342121EF79001C4895 /* carros_classicos.json */ = {isa = PBXFileReference; fileEncoding = 4; lastKnownFileType = text.json; path = carros_classicos.json; sourceTree = "<group>"; };
		5AC411352121EF79001C4895 /* carros_esportivos.json */ = {isa = PBXFileReference; fileEncoding = 4; lastKnownFileType = text.json; path = carros_esportivos.json; sourceTree = "<group>"; };
		5AC411362121EF79001C4895 /* carros_luxo.json */ = {isa = PBXFileReference; fileEncoding = 4; lastKnownFileType = text.json; path = carros_luxo.json; sourceTree = "<group>"; };
		5AC411382121EF79001C4895 /* carros_classicos.xml */ = {isa = PBXFileReference; fileEncoding = 4; lastKnownFileType = text.xml; path = carros_classicos.xml; sourceTree = "<group>"; };
		5AC411392121EF79001C4895 /* carros_esportivos.xml */ = {isa = PBXFileReference; fileEncoding = 4; lastKnownFileType = text.xml; path = carros_esportivos.xml; sourceTree = "<group>"; };
		5AC4113A2121EF79001C4895 /* carros_luxo.xml */ = {isa = PBXFileReference; fileEncoding = 4; lastKnownFileType = text.xml; path = carros_luxo.xml; sourceTree = "<group>"; };
		5AC411482121F289001C4895 /* ListaCarrosViewController.swift */ = {isa = PBXFileReference; lastKnownFileType = sourcecode.swift; path = ListaCarrosViewController.swift; sourceTree = "<group>"; };
		5AC411492121F289001C4895 /* ListaCarrosViewController.xib */ = {isa = PBXFileReference; lastKnownFileType = file.xib; path = ListaCarrosViewController.xib; sourceTree = "<group>"; };
		5AC4114C2121F2C3001C4895 /* DetalhesCarroViewController.swift */ = {isa = PBXFileReference; lastKnownFileType = sourcecode.swift; path = DetalhesCarroViewController.swift; sourceTree = "<group>"; };
		5AC4114D2121F2C3001C4895 /* DetalhesCarroViewController.xib */ = {isa = PBXFileReference; lastKnownFileType = file.xib; path = DetalhesCarroViewController.xib; sourceTree = "<group>"; };
		5AC411502121F2D7001C4895 /* SobreViewController.swift */ = {isa = PBXFileReference; lastKnownFileType = sourcecode.swift; path = SobreViewController.swift; sourceTree = "<group>"; };
		5AC411512121F2D7001C4895 /* SobreViewController.xib */ = {isa = PBXFileReference; lastKnownFileType = file.xib; path = SobreViewController.xib; sourceTree = "<group>"; };
/* End PBXFileReference section */

/* Begin PBXFrameworksBuildPhase section */
		5AC410F12121EBB8001C4895 /* Frameworks */ = {
			isa = PBXFrameworksBuildPhase;
			buildActionMask = 2147483647;
			files = (
			);
			runOnlyForDeploymentPostprocessing = 0;
		};
		5AC411052121EBB8001C4895 /* Frameworks */ = {
			isa = PBXFrameworksBuildPhase;
			buildActionMask = 2147483647;
			files = (
			);
			runOnlyForDeploymentPostprocessing = 0;
		};
		5AC411102121EBB8001C4895 /* Frameworks */ = {
			isa = PBXFrameworksBuildPhase;
			buildActionMask = 2147483647;
			files = (
			);
			runOnlyForDeploymentPostprocessing = 0;
		};
/* End PBXFrameworksBuildPhase section */

/* Begin PBXGroup section */
		5A6179392123440100831A74 /* Carro */ = {
			isa = PBXGroup;
			children = (
				5A61793A2123440E00831A74 /* Carro.swift */,
				5A61793D2123447C00831A74 /* CarroService.swift */,
			);
			path = Carro;
			sourceTree = "<group>";
		};
		5A87B0CE212741DF00E9E5A2 /* Utils */ = {
			isa = PBXGroup;
			children = (
				5A87B0CF212741FE00E9E5A2 /* XMLCarroParser.swift */,
			);
			path = Utils;
			sourceTree = "<group>";
		};
		5AC410EB2121EBB7001C4895 = {
			isa = PBXGroup;
			children = (
				5AC410F62121EBB8001C4895 /* TesteSwift */,
				5AC4110B2121EBB8001C4895 /* TesteSwiftTests */,
				5AC411162121EBB8001C4895 /* TesteSwiftUITests */,
				5AC410F52121EBB8001C4895 /* Products */,
			);
			sourceTree = "<group>";
		};
		5AC410F52121EBB8001C4895 /* Products */ = {
			isa = PBXGroup;
			children = (
				5AC410F42121EBB8001C4895 /* TesteSwift.app */,
				5AC411082121EBB8001C4895 /* TesteSwiftTests.xctest */,
				5AC411132121EBB8001C4895 /* TesteSwiftUITests.xctest */,
			);
			name = Products;
			sourceTree = "<group>";
		};
		5AC410F62121EBB8001C4895 /* TesteSwift */ = {
			isa = PBXGroup;
			children = (
				5A87B0CE212741DF00E9E5A2 /* Utils */,
				5AC411542121F2DF001C4895 /* Classes */,
				5AC4112A2121EF79001C4895 /* Resources */,
				5AC410F72121EBB8001C4895 /* AppDelegate.swift */,
				5A87B0BC21273EA100E9E5A2 /* MyNavigationController.swift */,
				5A87B0BE21273F2100E9E5A2 /* MyTabBarController.swift */,
				5AC411002121EBB8001C4895 /* LaunchScreen.storyboard */,
				5AC411032121EBB8001C4895 /* Info.plist */,
			);
			path = TesteSwift;
			sourceTree = "<group>";
		};
		5AC4110B2121EBB8001C4895 /* TesteSwiftTests */ = {
			isa = PBXGroup;
			children = (
				5AC4110C2121EBB8001C4895 /* TesteSwiftTests.swift */,
				5AC4110E2121EBB8001C4895 /* Info.plist */,
			);
			path = TesteSwiftTests;
			sourceTree = "<group>";
		};
		5AC411162121EBB8001C4895 /* TesteSwiftUITests */ = {
			isa = PBXGroup;
			children = (
				5AC411172121EBB8001C4895 /* TesteSwiftUITests.swift */,
				5AC411192121EBB8001C4895 /* Info.plist */,
			);
			path = TesteSwiftUITests;
			sourceTree = "<group>";
		};
		5AC4112A2121EF79001C4895 /* Resources */ = {
			isa = PBXGroup;
			children = (
				5AC4112B2121EF79001C4895 /* Imagens */,
				5AC411332121EF79001C4895 /* json */,
				5AC411372121EF79001C4895 /* xml */,
			);
			path = Resources;
			sourceTree = "<group>";
		};
		5AC4112B2121EF79001C4895 /* Imagens */ = {
			isa = PBXGroup;
			children = (
				5AC4112C2121EF79001C4895 /* ferrari_ff.png */,
				5AC4112D2121EF79001C4895 /* Images.xcassets */,
				5AC4112E2121EF79001C4895 /* mclaren.png */,
				5AC4112F2121EF79001C4895 /* tab_carros.png */,
				5AC411302121EF79001C4895 /* tab_carros@2x.png */,
				5AC411312121EF79001C4895 /* tab_sobre.png */,
				5AC411322121EF79001C4895 /* tab_sobre@2x.png */,
			);
			path = Imagens;
			sourceTree = "<group>";
		};
		5AC411332121EF79001C4895 /* json */ = {
			isa = PBXGroup;
			children = (
				5AC411342121EF79001C4895 /* carros_classicos.json */,
				5AC411352121EF79001C4895 /* carros_esportivos.json */,
				5AC411362121EF79001C4895 /* carros_luxo.json */,
			);
			path = json;
			sourceTree = "<group>";
		};
		5AC411372121EF79001C4895 /* xml */ = {
			isa = PBXGroup;
			children = (
				5AC411382121EF79001C4895 /* carros_classicos.xml */,
				5AC411392121EF79001C4895 /* carros_esportivos.xml */,
				5AC4113A2121EF79001C4895 /* carros_luxo.xml */,
			);
			path = xml;
			sourceTree = "<group>";
		};
		5AC411542121F2DF001C4895 /* Classes */ = {
			isa = PBXGroup;
			children = (
				5A6179392123440100831A74 /* Carro */,
				5AC411552121F2E9001C4895 /* ListaCarros */,
				5AC411562121F2F9001C4895 /* Sobre */,
			);
			path = Classes;
			sourceTree = "<group>";
		};
		5AC411552121F2E9001C4895 /* ListaCarros */ = {
			isa = PBXGroup;
			children = (
				5AC411482121F289001C4895 /* ListaCarrosViewController.swift */,
				5AC411492121F289001C4895 /* ListaCarrosViewController.xib */,
				5AC4114C2121F2C3001C4895 /* DetalhesCarroViewController.swift */,
				5AC4114D2121F2C3001C4895 /* DetalhesCarroViewController.xib */,
				5A6179372123411300831A74 /* Alerta.swift */,
				5A61793F21234A7E00831A74 /* CarroCell.swift */,
				5A61794121234AF600831A74 /* CarroCell.xib */,
			);
			path = ListaCarros;
			sourceTree = "<group>";
		};
		5AC411562121F2F9001C4895 /* Sobre */ = {
			isa = PBXGroup;
			children = (
				5AC411502121F2D7001C4895 /* SobreViewController.swift */,
				5AC411512121F2D7001C4895 /* SobreViewController.xib */,
			);
			path = Sobre;
			sourceTree = "<group>";
		};
/* End PBXGroup section */

/* Begin PBXNativeTarget section */
		5AC410F32121EBB8001C4895 /* TesteSwift */ = {
			isa = PBXNativeTarget;
			buildConfigurationList = 5AC4111C2121EBB8001C4895 /* Build configuration list for PBXNativeTarget "TesteSwift" */;
			buildPhases = (
				5AC410F02121EBB8001C4895 /* Sources */,
				5AC410F12121EBB8001C4895 /* Frameworks */,
				5AC410F22121EBB8001C4895 /* Resources */,
			);
			buildRules = (
			);
			dependencies = (
			);
			name = TesteSwift;
			productName = TesteSwift;
			productReference = 5AC410F42121EBB8001C4895 /* TesteSwift.app */;
			productType = "com.apple.product-type.application";
		};
		5AC411072121EBB8001C4895 /* TesteSwiftTests */ = {
			isa = PBXNativeTarget;
			buildConfigurationList = 5AC4111F2121EBB8001C4895 /* Build configuration list for PBXNativeTarget "TesteSwiftTests" */;
			buildPhases = (
				5AC411042121EBB8001C4895 /* Sources */,
				5AC411052121EBB8001C4895 /* Frameworks */,
				5AC411062121EBB8001C4895 /* Resources */,
			);
			buildRules = (
			);
			dependencies = (
				5AC4110A2121EBB8001C4895 /* PBXTargetDependency */,
			);
			name = TesteSwiftTests;
			productName = TesteSwiftTests;
			productReference = 5AC411082121EBB8001C4895 /* TesteSwiftTests.xctest */;
			productType = "com.apple.product-type.bundle.unit-test";
		};
		5AC411122121EBB8001C4895 /* TesteSwiftUITests */ = {
			isa = PBXNativeTarget;
			buildConfigurationList = 5AC411222121EBB8001C4895 /* Build configuration list for PBXNativeTarget "TesteSwiftUITests" */;
			buildPhases = (
				5AC4110F2121EBB8001C4895 /* Sources */,
				5AC411102121EBB8001C4895 /* Frameworks */,
				5AC411112121EBB8001C4895 /* Resources */,
			);
			buildRules = (
			);
			dependencies = (
				5AC411152121EBB8001C4895 /* PBXTargetDependency */,
			);
			name = TesteSwiftUITests;
			productName = TesteSwiftUITests;
			productReference = 5AC411132121EBB8001C4895 /* TesteSwiftUITests.xctest */;
			productType = "com.apple.product-type.bundle.ui-testing";
		};
/* End PBXNativeTarget section */

/* Begin PBXProject section */
		5AC410EC2121EBB7001C4895 /* Project object */ = {
			isa = PBXProject;
			attributes = {
				LastSwiftUpdateCheck = 0920;
				LastUpgradeCheck = 0920;
				ORGANIZATIONNAME = "Fabio Martins";
				TargetAttributes = {
					5AC410F32121EBB8001C4895 = {
						CreatedOnToolsVersion = 9.2;
						ProvisioningStyle = Automatic;
					};
					5AC411072121EBB8001C4895 = {
						CreatedOnToolsVersion = 9.2;
						ProvisioningStyle = Automatic;
						TestTargetID = 5AC410F32121EBB8001C4895;
					};
					5AC411122121EBB8001C4895 = {
						CreatedOnToolsVersion = 9.2;
						ProvisioningStyle = Automatic;
						TestTargetID = 5AC410F32121EBB8001C4895;
					};
				};
			};
			buildConfigurationList = 5AC410EF2121EBB7001C4895 /* Build configuration list for PBXProject "TesteSwift" */;
			compatibilityVersion = "Xcode 8.0";
			developmentRegion = en;
			hasScannedForEncodings = 0;
			knownRegions = (
				en,
				Base,
			);
			mainGroup = 5AC410EB2121EBB7001C4895;
			productRefGroup = 5AC410F52121EBB8001C4895 /* Products */;
			projectDirPath = "";
			projectRoot = "";
			targets = (
				5AC410F32121EBB8001C4895 /* TesteSwift */,
				5AC411072121EBB8001C4895 /* TesteSwiftTests */,
				5AC411122121EBB8001C4895 /* TesteSwiftUITests */,
			);
		};
/* End PBXProject section */

/* Begin PBXResourcesBuildPhase section */
		5AC410F22121EBB8001C4895 /* Resources */ = {
			isa = PBXResourcesBuildPhase;
			buildActionMask = 2147483647;
			files = (
				5AC4114F2121F2C3001C4895 /* DetalhesCarroViewController.xib in Resources */,
				5AC411432121EF79001C4895 /* carros_esportivos.json in Resources */,
				5AC411422121EF79001C4895 /* carros_classicos.json in Resources */,
				5AC4113D2121EF79001C4895 /* mclaren.png in Resources */,
				5AC411532121F2D7001C4895 /* SobreViewController.xib in Resources */,
				5AC411402121EF79001C4895 /* tab_sobre.png in Resources */,
				5AC4113E2121EF79001C4895 /* tab_carros.png in Resources */,
				5A61794221234AF600831A74 /* CarroCell.xib in Resources */,
				5AC411442121EF79001C4895 /* carros_luxo.json in Resources */,
				5AC4114B2121F289001C4895 /* ListaCarrosViewController.xib in Resources */,
				5AC4113B2121EF79001C4895 /* ferrari_ff.png in Resources */,
				5AC411412121EF79001C4895 /* tab_sobre@2x.png in Resources */,
				5AC411452121EF79001C4895 /* carros_classicos.xml in Resources */,
				5AC411472121EF79001C4895 /* carros_luxo.xml in Resources */,
				5AC4113C2121EF79001C4895 /* Images.xcassets in Resources */,
				5AC411022121EBB8001C4895 /* LaunchScreen.storyboard in Resources */,
				5AC4113F2121EF79001C4895 /* tab_carros@2x.png in Resources */,
				5AC411462121EF79001C4895 /* carros_esportivos.xml in Resources */,
			);
			runOnlyForDeploymentPostprocessing = 0;
		};
		5AC411062121EBB8001C4895 /* Resources */ = {
			isa = PBXResourcesBuildPhase;
			buildActionMask = 2147483647;
			files = (
			);
			runOnlyForDeploymentPostprocessing = 0;
		};
		5AC411112121EBB8001C4895 /* Resources */ = {
			isa = PBXResourcesBuildPhase;
			buildActionMask = 2147483647;
			files = (
			);
			runOnlyForDeploymentPostprocessing = 0;
		};
/* End PBXResourcesBuildPhase section */

/* Begin PBXSourcesBuildPhase section */
		5AC410F02121EBB8001C4895 /* Sources */ = {
			isa = PBXSourcesBuildPhase;
			buildActionMask = 2147483647;
			files = (
				5AC4114E2121F2C3001C4895 /* DetalhesCarroViewController.swift in Sources */,
				5A61794021234A7E00831A74 /* CarroCell.swift in Sources */,
				5A61793B2123440E00831A74 /* Carro.swift in Sources */,
				5A87B0BD21273EA100E9E5A2 /* MyNavigationController.swift in Sources */,
				5A6179382123411300831A74 /* Alerta.swift in Sources */,
				5A87B0D0212741FE00E9E5A2 /* XMLCarroParser.swift in Sources */,
				5AC4114A2121F289001C4895 /* ListaCarrosViewController.swift in Sources */,
				5AC411522121F2D7001C4895 /* SobreViewController.swift in Sources */,
				5A61793E2123447C00831A74 /* CarroService.swift in Sources */,
				5AC410F82121EBB8001C4895 /* AppDelegate.swift in Sources */,
				5A87B0BF21273F2100E9E5A2 /* MyTabBarController.swift in Sources */,
			);
			runOnlyForDeploymentPostprocessing = 0;
		};
		5AC411042121EBB8001C4895 /* Sources */ = {
			isa = PBXSourcesBuildPhase;
			buildActionMask = 2147483647;
			files = (
				5AC4110D2121EBB8001C4895 /* TesteSwiftTests.swift in Sources */,
			);
			runOnlyForDeploymentPostprocessing = 0;
		};
		5AC4110F2121EBB8001C4895 /* Sources */ = {
			isa = PBXSourcesBuildPhase;
			buildActionMask = 2147483647;
			files = (
				5AC411182121EBB8001C4895 /* TesteSwiftUITests.swift in Sources */,
			);
			runOnlyForDeploymentPostprocessing = 0;
		};
/* End PBXSourcesBuildPhase section */

/* Begin PBXTargetDependency section */
		5AC4110A2121EBB8001C4895 /* PBXTargetDependency */ = {
			isa = PBXTargetDependency;
			target = 5AC410F32121EBB8001C4895 /* TesteSwift */;
			targetProxy = 5AC411092121EBB8001C4895 /* PBXContainerItemProxy */;
		};
		5AC411152121EBB8001C4895 /* PBXTargetDependency */ = {
			isa = PBXTargetDependency;
			target = 5AC410F32121EBB8001C4895 /* TesteSwift */;
			targetProxy = 5AC411142121EBB8001C4895 /* PBXContainerItemProxy */;
		};
/* End PBXTargetDependency section */

/* Begin PBXVariantGroup section */
		5AC411002121EBB8001C4895 /* LaunchScreen.storyboard */ = {
			isa = PBXVariantGroup;
			children = (
				5AC411012121EBB8001C4895 /* Base */,
			);
			name = LaunchScreen.storyboard;
			sourceTree = "<group>";
		};
/* End PBXVariantGroup section */

/* Begin XCBuildConfiguration section */
		5AC4111A2121EBB8001C4895 /* Debug */ = {
			isa = XCBuildConfiguration;
			buildSettings = {
				ALWAYS_SEARCH_USER_PATHS = NO;
				CLANG_ANALYZER_NONNULL = YES;
				CLANG_ANALYZER_NUMBER_OBJECT_CONVERSION = YES_AGGRESSIVE;
				CLANG_CXX_LANGUAGE_STANDARD = "gnu++14";
				CLANG_CXX_LIBRARY = "libc++";
				CLANG_ENABLE_MODULES = YES;
				CLANG_ENABLE_OBJC_ARC = YES;
				CLANG_WARN_BLOCK_CAPTURE_AUTORELEASING = YES;
				CLANG_WARN_BOOL_CONVERSION = YES;
				CLANG_WARN_COMMA = YES;
				CLANG_WARN_CONSTANT_CONVERSION = YES;
				CLANG_WARN_DIRECT_OBJC_ISA_USAGE = YES_ERROR;
				CLANG_WARN_DOCUMENTATION_COMMENTS = YES;
				CLANG_WARN_EMPTY_BODY = YES;
				CLANG_WARN_ENUM_CONVERSION = YES;
				CLANG_WARN_INFINITE_RECURSION = YES;
				CLANG_WARN_INT_CONVERSION = YES;
				CLANG_WARN_NON_LITERAL_NULL_CONVERSION = YES;
				CLANG_WARN_OBJC_LITERAL_CONVERSION = YES;
				CLANG_WARN_OBJC_ROOT_CLASS = YES_ERROR;
				CLANG_WARN_RANGE_LOOP_ANALYSIS = YES;
				CLANG_WARN_STRICT_PROTOTYPES = YES;
				CLANG_WARN_SUSPICIOUS_MOVE = YES;
				CLANG_WARN_UNGUARDED_AVAILABILITY = YES_AGGRESSIVE;
				CLANG_WARN_UNREACHABLE_CODE = YES;
				CLANG_WARN__DUPLICATE_METHOD_MATCH = YES;
				CODE_SIGN_IDENTITY = "iPhone Developer";
				COPY_PHASE_STRIP = NO;
				DEBUG_INFORMATION_FORMAT = dwarf;
				ENABLE_STRICT_OBJC_MSGSEND = YES;
				ENABLE_TESTABILITY = YES;
				GCC_C_LANGUAGE_STANDARD = gnu11;
				GCC_DYNAMIC_NO_PIC = NO;
				GCC_NO_COMMON_BLOCKS = YES;
				GCC_OPTIMIZATION_LEVEL = 0;
				GCC_PREPROCESSOR_DEFINITIONS = (
					"DEBUG=1",
					"$(inherited)",
				);
				GCC_WARN_64_TO_32_BIT_CONVERSION = YES;
				GCC_WARN_ABOUT_RETURN_TYPE = YES_ERROR;
				GCC_WARN_UNDECLARED_SELECTOR = YES;
				GCC_WARN_UNINITIALIZED_AUTOS = YES_AGGRESSIVE;
				GCC_WARN_UNUSED_FUNCTION = YES;
				GCC_WARN_UNUSED_VARIABLE = YES;
				IPHONEOS_DEPLOYMENT_TARGET = 11.2;
				MTL_ENABLE_DEBUG_INFO = YES;
				ONLY_ACTIVE_ARCH = YES;
				SDKROOT = iphoneos;
				SWIFT_ACTIVE_COMPILATION_CONDITIONS = DEBUG;
				SWIFT_OPTIMIZATION_LEVEL = "-Onone";
			};
			name = Debug;
		};
		5AC4111B2121EBB8001C4895 /* Release */ = {
			isa = XCBuildConfiguration;
			buildSettings = {
				ALWAYS_SEARCH_USER_PATHS = NO;
				CLANG_ANALYZER_NONNULL = YES;
				CLANG_ANALYZER_NUMBER_OBJECT_CONVERSION = YES_AGGRESSIVE;
				CLANG_CXX_LANGUAGE_STANDARD = "gnu++14";
				CLANG_CXX_LIBRARY = "libc++";
				CLANG_ENABLE_MODULES = YES;
				CLANG_ENABLE_OBJC_ARC = YES;
				CLANG_WARN_BLOCK_CAPTURE_AUTORELEASING = YES;
				CLANG_WARN_BOOL_CONVERSION = YES;
				CLANG_WARN_COMMA = YES;
				CLANG_WARN_CONSTANT_CONVERSION = YES;
				CLANG_WARN_DIRECT_OBJC_ISA_USAGE = YES_ERROR;
				CLANG_WARN_DOCUMENTATION_COMMENTS = YES;
				CLANG_WARN_EMPTY_BODY = YES;
				CLANG_WARN_ENUM_CONVERSION = YES;
				CLANG_WARN_INFINITE_RECURSION = YES;
				CLANG_WARN_INT_CONVERSION = YES;
				CLANG_WARN_NON_LITERAL_NULL_CONVERSION = YES;
				CLANG_WARN_OBJC_LITERAL_CONVERSION = YES;
				CLANG_WARN_OBJC_ROOT_CLASS = YES_ERROR;
				CLANG_WARN_RANGE_LOOP_ANALYSIS = YES;
				CLANG_WARN_STRICT_PROTOTYPES = YES;
				CLANG_WARN_SUSPICIOUS_MOVE = YES;
				CLANG_WARN_UNGUARDED_AVAILABILITY = YES_AGGRESSIVE;
				CLANG_WARN_UNREACHABLE_CODE = YES;
				CLANG_WARN__DUPLICATE_METHOD_MATCH = YES;
				CODE_SIGN_IDENTITY = "iPhone Developer";
				COPY_PHASE_STRIP = NO;
				DEBUG_INFORMATION_FORMAT = "dwarf-with-dsym";
				ENABLE_NS_ASSERTIONS = NO;
				ENABLE_STRICT_OBJC_MSGSEND = YES;
				GCC_C_LANGUAGE_STANDARD = gnu11;
				GCC_NO_COMMON_BLOCKS = YES;
				GCC_WARN_64_TO_32_BIT_CONVERSION = YES;
				GCC_WARN_ABOUT_RETURN_TYPE = YES_ERROR;
				GCC_WARN_UNDECLARED_SELECTOR = YES;
				GCC_WARN_UNINITIALIZED_AUTOS = YES_AGGRESSIVE;
				GCC_WARN_UNUSED_FUNCTION = YES;
				GCC_WARN_UNUSED_VARIABLE = YES;
				IPHONEOS_DEPLOYMENT_TARGET = 11.2;
				MTL_ENABLE_DEBUG_INFO = NO;
				SDKROOT = iphoneos;
				SWIFT_OPTIMIZATION_LEVEL = "-Owholemodule";
				VALIDATE_PRODUCT = YES;
			};
			name = Release;
		};
		5AC4111D2121EBB8001C4895 /* Debug */ = {
			isa = XCBuildConfiguration;
			buildSettings = {
				ASSETCATALOG_COMPILER_APPICON_NAME = AppIcon;
				CODE_SIGN_STYLE = Automatic;
				INFOPLIST_FILE = TesteSwift/Info.plist;
				LD_RUNPATH_SEARCH_PATHS = "$(inherited) @executable_path/Frameworks";
				PRODUCT_BUNDLE_IDENTIFIER = br.fabiomartins.TesteSwift;
				PRODUCT_NAME = "$(TARGET_NAME)";
				SWIFT_VERSION = 4.0;
				TARGETED_DEVICE_FAMILY = "1,2";
			};
			name = Debug;
		};
		5AC4111E2121EBB8001C4895 /* Release */ = {
			isa = XCBuildConfiguration;
			buildSettings = {
				ASSETCATALOG_COMPILER_APPICON_NAME = AppIcon;
				CODE_SIGN_STYLE = Automatic;
				INFOPLIST_FILE = TesteSwift/Info.plist;
				LD_RUNPATH_SEARCH_PATHS = "$(inherited) @executable_path/Frameworks";
				PRODUCT_BUNDLE_IDENTIFIER = br.fabiomartins.TesteSwift;
				PRODUCT_NAME = "$(TARGET_NAME)";
				SWIFT_VERSION = 4.0;
				TARGETED_DEVICE_FAMILY = "1,2";
			};
			name = Release;
		};
		5AC411202121EBB8001C4895 /* Debug */ = {
			isa = XCBuildConfiguration;
			buildSettings = {
				ALWAYS_EMBED_SWIFT_STANDARD_LIBRARIES = YES;
				BUNDLE_LOADER = "$(TEST_HOST)";
				CODE_SIGN_STYLE = Automatic;
				INFOPLIST_FILE = TesteSwiftTests/Info.plist;
				LD_RUNPATH_SEARCH_PATHS = "$(inherited) @executable_path/Frameworks @loader_path/Frameworks";
				PRODUCT_BUNDLE_IDENTIFIER = br.fabiomartins.TesteSwiftTests;
				PRODUCT_NAME = "$(TARGET_NAME)";
				SWIFT_VERSION = 4.0;
				TARGETED_DEVICE_FAMILY = "1,2";
				TEST_HOST = "$(BUILT_PRODUCTS_DIR)/TesteSwift.app/TesteSwift";
			};
			name = Debug;
		};
		5AC411212121EBB8001C4895 /* Release */ = {
			isa = XCBuildConfiguration;
			buildSettings = {
				ALWAYS_EMBED_SWIFT_STANDARD_LIBRARIES = YES;
				BUNDLE_LOADER = "$(TEST_HOST)";
				CODE_SIGN_STYLE = Automatic;
				INFOPLIST_FILE = TesteSwiftTests/Info.plist;
				LD_RUNPATH_SEARCH_PATHS = "$(inherited) @executable_path/Frameworks @loader_path/Frameworks";
				PRODUCT_BUNDLE_IDENTIFIER = br.fabiomartins.TesteSwiftTests;
				PRODUCT_NAME = "$(TARGET_NAME)";
				SWIFT_VERSION = 4.0;
				TARGETED_DEVICE_FAMILY = "1,2";
				TEST_HOST = "$(BUILT_PRODUCTS_DIR)/TesteSwift.app/TesteSwift";
			};
			name = Release;
		};
		5AC411232121EBB8001C4895 /* Debug */ = {
			isa = XCBuildConfiguration;
			buildSettings = {
				ALWAYS_EMBED_SWIFT_STANDARD_LIBRARIES = YES;
				CODE_SIGN_STYLE = Automatic;
				INFOPLIST_FILE = TesteSwiftUITests/Info.plist;
				LD_RUNPATH_SEARCH_PATHS = "$(inherited) @executable_path/Frameworks @loader_path/Frameworks";
				PRODUCT_BUNDLE_IDENTIFIER = br.fabiomartins.TesteSwiftUITests;
				PRODUCT_NAME = "$(TARGET_NAME)";
				SWIFT_VERSION = 4.0;
				TARGETED_DEVICE_FAMILY = "1,2";
				TEST_TARGET_NAME = TesteSwift;
			};
			name = Debug;
		};
		5AC411242121EBB8001C4895 /* Release */ = {
			isa = XCBuildConfiguration;
			buildSettings = {
				ALWAYS_EMBED_SWIFT_STANDARD_LIBRARIES = YES;
				CODE_SIGN_STYLE = Automatic;
				INFOPLIST_FILE = TesteSwiftUITests/Info.plist;
				LD_RUNPATH_SEARCH_PATHS = "$(inherited) @executable_path/Frameworks @loader_path/Frameworks";
				PRODUCT_BUNDLE_IDENTIFIER = br.fabiomartins.TesteSwiftUITests;
				PRODUCT_NAME = "$(TARGET_NAME)";
				SWIFT_VERSION = 4.0;
				TARGETED_DEVICE_FAMILY = "1,2";
				TEST_TARGET_NAME = TesteSwift;
			};
			name = Release;
		};
/* End XCBuildConfiguration section */

/* Begin XCConfigurationList section */
		5AC410EF2121EBB7001C4895 /* Build configuration list for PBXProject "TesteSwift" */ = {
			isa = XCConfigurationList;
			buildConfigurations = (
				5AC4111A2121EBB8001C4895 /* Debug */,
				5AC4111B2121EBB8001C4895 /* Release */,
			);
			defaultConfigurationIsVisible = 0;
			defaultConfigurationName = Release;
		};
		5AC4111C2121EBB8001C4895 /* Build configuration list for PBXNativeTarget "TesteSwift" */ = {
			isa = XCConfigurationList;
			buildConfigurations = (
				5AC4111D2121EBB8001C4895 /* Debug */,
				5AC4111E2121EBB8001C4895 /* Release */,
			);
			defaultConfigurationIsVisible = 0;
			defaultConfigurationName = Release;
		};
		5AC4111F2121EBB8001C4895 /* Build configuration list for PBXNativeTarget "TesteSwiftTests" */ = {
			isa = XCConfigurationList;
			buildConfigurations = (
				5AC411202121EBB8001C4895 /* Debug */,
				5AC411212121EBB8001C4895 /* Release */,
			);
			defaultConfigurationIsVisible = 0;
			defaultConfigurationName = Release;
		};
		5AC411222121EBB8001C4895 /* Build configuration list for PBXNativeTarget "TesteSwiftUITests" */ = {
			isa = XCConfigurationList;
			buildConfigurations = (
				5AC411232121EBB8001C4895 /* Debug */,
				5AC411242121EBB8001C4895 /* Release */,
			);
			defaultConfigurationIsVisible = 0;
			defaultConfigurationName = Release;
		};
/* End XCConfigurationList section */
	};
	rootObject = 5AC410EC2121EBB7001C4895 /* Project object */;
}
